# This file is automatically @generated by Cargo.
# It is not intended for manual editing.
version = 4

[[package]]
name = "lcoat"
version = "0.2.0-dev"
dependencies = [
 "lcoat-adapters",
 "lcoat-core",
 "lcoat-format",
]

[[package]]
name = "lcoat-adapters"
version = "0.2.0-dev"
dependencies = [
 "lcoat-core",
 "lcoat-format",
]

[[package]]
name = "lcoat-core"
version = "0.2.0-dev"
dependencies = [
 "lcoat-format",
]

[[package]]
name = "lcoat-format"
version = "0.2.0-dev"
